
Microsoft Visual Studio Solution File, Format Version 12.00
# Visual Studio Version 16
VisualStudioVersion = 16.0.29326.143
MinimumVisualStudioVersion = 10.0.40219.1
Project("{FAE04EC0-301F-11D3-BF4B-00C04F79EFBC}") = "Udemy.Dating.Api", "Udemy.Dating.Api\Udemy.Dating.Api.csproj", "{319B11F1-7195-473D-ADFA-7DD070BBDB5D}"
EndProject
Global
	GlobalSection(SolutionConfigurationPlatforms) = preSolution
		Debug|Any CPU = Debug|Any CPU
		Release|Any CPU = Release|Any CPU
	EndGlobalSection
	GlobalSection(ProjectConfigurationPlatforms) = postSolution
		{319B11F1-7195-473D-ADFA-7DD070BBDB5D}.Debug|Any CPU.ActiveCfg = Debug|Any CPU
		{319B11F1-7195-473D-ADFA-7DD070BBDB5D}.Debug|Any CPU.Build.0 = Debug|Any CPU
		{319B11F1-7195-473D-ADFA-7DD070BBDB5D}.Release|Any CPU.ActiveCfg = Release|Any CPU
		{319B11F1-7195-473D-ADFA-7DD070BBDB5D}.Release|Any CPU.Build.0 = Release|Any CPU
	EndGlobalSection
	GlobalSection(SolutionProperties) = preSolution
		HideSolutionNode = FALSE
	EndGlobalSection
	GlobalSection(ExtensibilityGlobals) = postSolution
		SolutionGuid = {B99548E2-2148-4E96-ADB3-CF3763444C13}
	EndGlobalSection
EndGlobal
